
Microsoft Visual Studio Solution File, Format Version 12.00
# Visual Studio Version 17
VisualStudioVersion = 17.5.33424.131
MinimumVisualStudioVersion = 10.0.40219.1
Project("{9A19103F-16F7-4668-BE54-9A1E7A4F7556}") = "View", "View\View.csproj", "{33509581-C821-4989-9D2B-CD9D7534D7F8}"
EndProject
Project("{9A19103F-16F7-4668-BE54-9A1E7A4F7556}") = "Model", "CurrenciesModel\Model.csproj", "{2DA438AC-3E16-4679-A7FD-31B4DDFF6C20}"
EndProject
Project("{9A19103F-16F7-4668-BE54-9A1E7A4F7556}") = "ViewModel", "CurrenciesViewModel\ViewModel.csproj", "{1FB601AE-E428-43C5-BC2F-F4A1D3A5A4D4}"
EndProject
Project("{2150E333-8FDC-42A3-9474-1A3956D46DE8}") = "Solution Items", "Solution Items", "{7D0819F0-8593-4B33-9416-1D69052A01EC}"
	ProjectSection(SolutionItems) = preProject
		README.md = README.md
	EndProjectSection
EndProject
Global
	GlobalSection(SolutionConfigurationPlatforms) = preSolution
		Debug|Any CPU = Debug|Any CPU
		Release|Any CPU = Release|Any CPU
	EndGlobalSection
	GlobalSection(ProjectConfigurationPlatforms) = postSolution
		{33509581-C821-4989-9D2B-CD9D7534D7F8}.Debug|Any CPU.ActiveCfg = Debug|Any CPU
		{33509581-C821-4989-9D2B-CD9D7534D7F8}.Debug|Any CPU.Build.0 = Debug|Any CPU
		{33509581-C821-4989-9D2B-CD9D7534D7F8}.Release|Any CPU.ActiveCfg = Release|Any CPU
		{33509581-C821-4989-9D2B-CD9D7534D7F8}.Release|Any CPU.Build.0 = Release|Any CPU
		{2DA438AC-3E16-4679-A7FD-31B4DDFF6C20}.Debug|Any CPU.ActiveCfg = Debug|Any CPU
		{2DA438AC-3E16-4679-A7FD-31B4DDFF6C20}.Debug|Any CPU.Build.0 = Debug|Any CPU
		{2DA438AC-3E16-4679-A7FD-31B4DDFF6C20}.Release|Any CPU.ActiveCfg = Release|Any CPU
		{2DA438AC-3E16-4679-A7FD-31B4DDFF6C20}.Release|Any CPU.Build.0 = Release|Any CPU
		{1FB601AE-E428-43C5-BC2F-F4A1D3A5A4D4}.Debug|Any CPU.ActiveCfg = Debug|Any CPU
		{1FB601AE-E428-43C5-BC2F-F4A1D3A5A4D4}.Debug|Any CPU.Build.0 = Debug|Any CPU
		{1FB601AE-E428-43C5-BC2F-F4A1D3A5A4D4}.Release|Any CPU.ActiveCfg = Release|Any CPU
		{1FB601AE-E428-43C5-BC2F-F4A1D3A5A4D4}.Release|Any CPU.Build.0 = Release|Any CPU
	EndGlobalSection
	GlobalSection(SolutionProperties) = preSolution
		HideSolutionNode = FALSE
	EndGlobalSection
	GlobalSection(ExtensibilityGlobals) = postSolution
		SolutionGuid = {1956D911-0831-4A01-9C47-BCE4F37779A0}
	EndGlobalSection
EndGlobal
